
Microsoft Visual Studio Solution File, Format Version 12.00
# Visual Studio Version 17
VisualStudioVersion = 17.0.31903.59
MinimumVisualStudioVersion = 10.0.40219.1
Project("{FAE04EC0-301F-11D3-BF4B-00C04F79EFBC}") = "DecryptTool.Core", "DecryptTool.Core\DecryptTool.Core.csproj", "{5C571AEB-B886-460D-9EBC-91924B730090}"
EndProject
Project("{FAE04EC0-301F-11D3-BF4B-00C04F79EFBC}") = "DecryptTool.CLI", "DecryptTool.CLI\DecryptTool.CLI.csproj", "{0E72A465-14E4-4862-8E3F-64DC9E27D0D6}"
EndProject
Project("{FAE04EC0-301F-11D3-BF4B-00C04F79EFBC}") = "DecryptTool.UI", "DecryptTool.UI\DecryptTool.UI.csproj", "{45E177DA-9B83-4865-994F-C28E64A8F817}"
EndProject
Project("{FAE04EC0-301F-11D3-BF4B-00C04F79EFBC}") = "DecryptTool.Regressions", "DecryptTool.Regressions\DecryptTool.Regressions.csproj", "{0C9371B4-C398-4CCB-8A8B-B25D0B3446CF}"
EndProject
Global
	GlobalSection(SolutionConfigurationPlatforms) = preSolution
		Debug|Any CPU = Debug|Any CPU
		Debug|x64 = Debug|x64
		Debug|x86 = Debug|x86
		Release|Any CPU = Release|Any CPU
		Release|x64 = Release|x64
		Release|x86 = Release|x86
	EndGlobalSection
	GlobalSection(ProjectConfigurationPlatforms) = postSolution
		{5C571AEB-B886-460D-9EBC-91924B730090}.Debug|Any CPU.ActiveCfg = Debug|Any CPU
		{5C571AEB-B886-460D-9EBC-91924B730090}.Debug|Any CPU.Build.0 = Debug|Any CPU
		{5C571AEB-B886-460D-9EBC-91924B730090}.Debug|x64.ActiveCfg = Debug|Any CPU
		{5C571AEB-B886-460D-9EBC-91924B730090}.Debug|x64.Build.0 = Debug|Any CPU
		{5C571AEB-B886-460D-9EBC-91924B730090}.Debug|x86.ActiveCfg = Debug|Any CPU
		{5C571AEB-B886-460D-9EBC-91924B730090}.Debug|x86.Build.0 = Debug|Any CPU
		{5C571AEB-B886-460D-9EBC-91924B730090}.Release|Any CPU.ActiveCfg = Release|Any CPU
		{5C571AEB-B886-460D-9EBC-91924B730090}.Release|Any CPU.Build.0 = Release|Any CPU
		{5C571AEB-B886-460D-9EBC-91924B730090}.Release|x64.ActiveCfg = Release|Any CPU
		{5C571AEB-B886-460D-9EBC-91924B730090}.Release|x64.Build.0 = Release|Any CPU
		{5C571AEB-B886-460D-9EBC-91924B730090}.Release|x86.ActiveCfg = Release|Any CPU
		{5C571AEB-B886-460D-9EBC-91924B730090}.Release|x86.Build.0 = Release|Any CPU
		{0E72A465-14E4-4862-8E3F-64DC9E27D0D6}.Debug|Any CPU.ActiveCfg = Debug|Any CPU
		{0E72A465-14E4-4862-8E3F-64DC9E27D0D6}.Debug|Any CPU.Build.0 = Debug|Any CPU
		{0E72A465-14E4-4862-8E3F-64DC9E27D0D6}.Debug|x64.ActiveCfg = Debug|Any CPU
		{0E72A465-14E4-4862-8E3F-64DC9E27D0D6}.Debug|x64.Build.0 = Debug|Any CPU
		{0E72A465-14E4-4862-8E3F-64DC9E27D0D6}.Debug|x86.ActiveCfg = Debug|Any CPU
		{0E72A465-14E4-4862-8E3F-64DC9E27D0D6}.Debug|x86.Build.0 = Debug|Any CPU
		{0E72A465-14E4-4862-8E3F-64DC9E27D0D6}.Release|Any CPU.ActiveCfg = Release|Any CPU
		{0E72A465-14E4-4862-8E3F-64DC9E27D0D6}.Release|Any CPU.Build.0 = Release|Any CPU
		{0E72A465-14E4-4862-8E3F-64DC9E27D0D6}.Release|x64.ActiveCfg = Release|Any CPU
		{0E72A465-14E4-4862-8E3F-64DC9E27D0D6}.Release|x64.Build.0 = Release|Any CPU
		{0E72A465-14E4-4862-8E3F-64DC9E27D0D6}.Release|x86.ActiveCfg = Release|Any CPU
		{0E72A465-14E4-4862-8E3F-64DC9E27D0D6}.Release|x86.Build.0 = Release|Any CPU
		{45E177DA-9B83-4865-994F-C28E64A8F817}.Debug|Any CPU.ActiveCfg = Debug|Any CPU
		{45E177DA-9B83-4865-994F-C28E64A8F817}.Debug|Any CPU.Build.0 = Debug|Any CPU
		{45E177DA-9B83-4865-994F-C28E64A8F817}.Debug|x64.ActiveCfg = Debug|Any CPU
		{45E177DA-9B83-4865-994F-C28E64A8F817}.Debug|x64.Build.0 = Debug|Any CPU
		{45E177DA-9B83-4865-994F-C28E64A8F817}.Debug|x86.ActiveCfg = Debug|Any CPU
		{45E177DA-9B83-4865-994F-C28E64A8F817}.Debug|x86.Build.0 = Debug|Any CPU
		{45E177DA-9B83-4865-994F-C28E64A8F817}.Release|Any CPU.ActiveCfg = Release|Any CPU
		{45E177DA-9B83-4865-994F-C28E64A8F817}.Release|Any CPU.Build.0 = Release|Any CPU
		{45E177DA-9B83-4865-994F-C28E64A8F817}.Release|x64.ActiveCfg = Release|Any CPU
		{45E177DA-9B83-4865-994F-C28E64A8F817}.Release|x64.Build.0 = Release|Any CPU
		{45E177DA-9B83-4865-994F-C28E64A8F817}.Release|x86.ActiveCfg = Release|Any CPU
		{45E177DA-9B83-4865-994F-C28E64A8F817}.Release|x86.Build.0 = Release|Any CPU
		{0C9371B4-C398-4CCB-8A8B-B25D0B3446CF}.Debug|Any CPU.ActiveCfg = Debug|Any CPU
		{0C9371B4-C398-4CCB-8A8B-B25D0B3446CF}.Debug|Any CPU.Build.0 = Debug|Any CPU
		{0C9371B4-C398-4CCB-8A8B-B25D0B3446CF}.Debug|x64.ActiveCfg = Debug|Any CPU
		{0C9371B4-C398-4CCB-8A8B-B25D0B3446CF}.Debug|x64.Build.0 = Debug|Any CPU
		{0C9371B4-C398-4CCB-8A8B-B25D0B3446CF}.Debug|x86.ActiveCfg = Debug|Any CPU
		{0C9371B4-C398-4CCB-8A8B-B25D0B3446CF}.Debug|x86.Build.0 = Debug|Any CPU
		{0C9371B4-C398-4CCB-8A8B-B25D0B3446CF}.Release|Any CPU.ActiveCfg = Release|Any CPU
		{0C9371B4-C398-4CCB-8A8B-B25D0B3446CF}.Release|Any CPU.Build.0 = Release|Any CPU
		{0C9371B4-C398-4CCB-8A8B-B25D0B3446CF}.Release|x64.ActiveCfg = Release|Any CPU
		{0C9371B4-C398-4CCB-8A8B-B25D0B3446CF}.Release|x64.Build.0 = Release|Any CPU
		{0C9371B4-C398-4CCB-8A8B-B25D0B3446CF}.Release|x86.ActiveCfg = Release|Any CPU
		{0C9371B4-C398-4CCB-8A8B-B25D0B3446CF}.Release|x86.Build.0 = Release|Any CPU
	EndGlobalSection
	GlobalSection(SolutionProperties) = preSolution
		HideSolutionNode = FALSE
	EndGlobalSection
EndGlobal
